
Microsoft Visual Studio Solution File, Format Version 12.00
# Visual Studio Version 17
VisualStudioVersion = 17.14.36414.22 d17.14
MinimumVisualStudioVersion = 10.0.40219.1
Project("{FAE04EC0-301F-11D3-BF4B-00C04F79EFBC}") = "ArbolBinarioExpresiones", "ArbolBinarioExpresiones\ArbolBinarioExpresiones.csproj", "{DE79FAED-DBB1-41F6-A9BA-68201D031464}"
EndProject
Global
	GlobalSection(SolutionConfigurationPlatforms) = preSolution
		Debug|Any CPU = Debug|Any CPU
		Release|Any CPU = Release|Any CPU
	EndGlobalSection
	GlobalSection(ProjectConfigurationPlatforms) = postSolution
		{DE79FAED-DBB1-41F6-A9BA-68201D031464}.Debug|Any CPU.ActiveCfg = Debug|Any CPU
		{DE79FAED-DBB1-41F6-A9BA-68201D031464}.Debug|Any CPU.Build.0 = Debug|Any CPU
		{DE79FAED-DBB1-41F6-A9BA-68201D031464}.Release|Any CPU.ActiveCfg = Release|Any CPU
		{DE79FAED-DBB1-41F6-A9BA-68201D031464}.Release|Any CPU.Build.0 = Release|Any CPU
	EndGlobalSection
	GlobalSection(SolutionProperties) = preSolution
		HideSolutionNode = FALSE
	EndGlobalSection
	GlobalSection(ExtensibilityGlobals) = postSolution
		SolutionGuid = {F19747F3-191A-4E91-B7B5-14E24151E5AA}
	EndGlobalSection
EndGlobal
