
Microsoft Visual Studio Solution File, Format Version 12.00
# Visual Studio Version 17
VisualStudioVersion = 17.14.36414.22 d17.14
MinimumVisualStudioVersion = 10.0.40219.1
Project("{FAE04EC0-301F-11D3-BF4B-00C04F79EFBC}") = "EjemploABB", "EjemploABB\EjemploABB.csproj", "{90C52EF1-8F3C-4F83-9A59-C15DE5EE3303}"
EndProject
Global
	GlobalSection(SolutionConfigurationPlatforms) = preSolution
		Debug|Any CPU = Debug|Any CPU
		Release|Any CPU = Release|Any CPU
	EndGlobalSection
	GlobalSection(ProjectConfigurationPlatforms) = postSolution
		{90C52EF1-8F3C-4F83-9A59-C15DE5EE3303}.Debug|Any CPU.ActiveCfg = Debug|Any CPU
		{90C52EF1-8F3C-4F83-9A59-C15DE5EE3303}.Debug|Any CPU.Build.0 = Debug|Any CPU
		{90C52EF1-8F3C-4F83-9A59-C15DE5EE3303}.Release|Any CPU.ActiveCfg = Release|Any CPU
		{90C52EF1-8F3C-4F83-9A59-C15DE5EE3303}.Release|Any CPU.Build.0 = Release|Any CPU
	EndGlobalSection
	GlobalSection(SolutionProperties) = preSolution
		HideSolutionNode = FALSE
	EndGlobalSection
	GlobalSection(ExtensibilityGlobals) = postSolution
		SolutionGuid = {45C7FBE4-BE37-4270-A7D4-7799CA14EDE2}
	EndGlobalSection
EndGlobal
