
Microsoft Visual Studio Solution File, Format Version 12.00
# Visual Studio Version 17
VisualStudioVersion = 17.14.36414.22 d17.14
MinimumVisualStudioVersion = 10.0.40219.1
Project("{FAE04EC0-301F-11D3-BF4B-00C04F79EFBC}") = "Semana01Ejemplo01", "Semana01Ejemplo01\Semana01Ejemplo01.csproj", "{5AF04E82-5694-49FA-ACA3-B0BB3584B60B}"
EndProject
Global
	GlobalSection(SolutionConfigurationPlatforms) = preSolution
		Debug|Any CPU = Debug|Any CPU
		Release|Any CPU = Release|Any CPU
	EndGlobalSection
	GlobalSection(ProjectConfigurationPlatforms) = postSolution
		{5AF04E82-5694-49FA-ACA3-B0BB3584B60B}.Debug|Any CPU.ActiveCfg = Debug|Any CPU
		{5AF04E82-5694-49FA-ACA3-B0BB3584B60B}.Debug|Any CPU.Build.0 = Debug|Any CPU
		{5AF04E82-5694-49FA-ACA3-B0BB3584B60B}.Release|Any CPU.ActiveCfg = Release|Any CPU
		{5AF04E82-5694-49FA-ACA3-B0BB3584B60B}.Release|Any CPU.Build.0 = Release|Any CPU
	EndGlobalSection
	GlobalSection(SolutionProperties) = preSolution
		HideSolutionNode = FALSE
	EndGlobalSection
	GlobalSection(ExtensibilityGlobals) = postSolution
		SolutionGuid = {4B9FAABC-5E96-406A-B5DB-0BDABF34DA12}
	EndGlobalSection
EndGlobal
